// !$*UTF8*$!
{
	archiveVersion = 1;
	classes = {
	};
	objectVersion = 51;
	objects = {

/* Begin PBXBuildFile section */
		2D28127424DCE688009AD972 /* Main.storyboard in Resources */ = {isa = PBXBuildFile; fileRef = 2D28127224DCE688009AD972 /* Main.storyboard */; };
		2D28127624DCE68C009AD972 /* Assets.xcassets in Resources */ = {isa = PBXBuildFile; fileRef = 2D28127524DCE68C009AD972 /* Assets.xcassets */; };
		2D28127924DCE68C009AD972 /* LaunchScreen.storyboard in Resources */ = {isa = PBXBuildFile; fileRef = 2D28127724DCE68C009AD972 /* LaunchScreen.storyboard */; };
		2D28129924DCE6AE009AD972 /* CalendarViewExtension.swift in Sources */ = {isa = PBXBuildFile; fileRef = 2D28128124DCE6AD009AD972 /* CalendarViewExtension.swift */; };
		2D28129A24DCE6AE009AD972 /* UIViewExtension.swift in Sources */ = {isa = PBXBuildFile; fileRef = 2D28128224DCE6AD009AD972 /* UIViewExtension.swift */; };
		2D28129B24DCE6AE009AD972 /* CustomTextField.swift in Sources */ = {isa = PBXBuildFile; fileRef = 2D28128324DCE6AD009AD972 /* CustomTextField.swift */; };
		2D28129C24DCE6AE009AD972 /* RebeloperScrollView.swift in Sources */ = {isa = PBXBuildFile; fileRef = 2D28128424DCE6AD009AD972 /* RebeloperScrollView.swift */; };
		2D28129D24DCE6AE009AD972 /* CalendarViewController.swift in Sources */ = {isa = PBXBuildFile; fileRef = 2D28128524DCE6AD009AD972 /* CalendarViewController.swift */; };
		2D28129E24DCE6AE009AD972 /* Popup.swift in Sources */ = {isa = PBXBuildFile; fileRef = 2D28128624DCE6AD009AD972 /* Popup.swift */; };
		2D28129F24DCE6AE009AD972 /* CustomizableMealScrollView.swift in Sources */ = {isa = PBXBuildFile; fileRef = 2D28128924DCE6AD009AD972 /* CustomizableMealScrollView.swift */; };
		2D2812A024DCE6AE009AD972 /* MealNumberView.swift in Sources */ = {isa = PBXBuildFile; fileRef = 2D28128A24DCE6AD009AD972 /* MealNumberView.swift */; };
		2D2812A124DCE6AE009AD972 /* CustomizableMealView.swift in Sources */ = {isa = PBXBuildFile; fileRef = 2D28128B24DCE6AD009AD972 /* CustomizableMealView.swift */; };
		2D2812A224DCE6AE009AD972 /* SpecificDishView.swift in Sources */ = {isa = PBXBuildFile; fileRef = 2D28128D24DCE6AD009AD972 /* SpecificDishView.swift */; };
		2D2812A324DCE6AE009AD972 /* TopRightView.swift in Sources */ = {isa = PBXBuildFile; fileRef = 2D28128E24DCE6AD009AD972 /* TopRightView.swift */; };
		2D2812A424DCE6AE009AD972 /* SDVTextField.swift in Sources */ = {isa = PBXBuildFile; fileRef = 2D28128F24DCE6AD009AD972 /* SDVTextField.swift */; };
		2D2812A524DCE6AE009AD972 /* Matrix.swift in Sources */ = {isa = PBXBuildFile; fileRef = 2D28129124DCE6AD009AD972 /* Matrix.swift */; };
		2D2812A624DCE6AE009AD972 /* MenuButton.swift in Sources */ = {isa = PBXBuildFile; fileRef = 2D28129324DCE6AD009AD972 /* MenuButton.swift */; };
		2D2812A724DCE6AE009AD972 /* Menu.swift in Sources */ = {isa = PBXBuildFile; fileRef = 2D28129424DCE6AD009AD972 /* Menu.swift */; };
		2D2812A824DCE6AE009AD972 /* MultipleSelectionHandler.swift in Sources */ = {isa = PBXBuildFile; fileRef = 2D28129624DCE6AD009AD972 /* MultipleSelectionHandler.swift */; };
		2D2812A924DCE6AE009AD972 /* SingleSelectionHandler.swift in Sources */ = {isa = PBXBuildFile; fileRef = 2D28129724DCE6AD009AD972 /* SingleSelectionHandler.swift */; };
		2D2812AA24DCE6AE009AD972 /* FoodViewController.swift in Sources */ = {isa = PBXBuildFile; fileRef = 2D28129824DCE6AD009AD972 /* FoodViewController.swift */; };
		2D2812AC24DCE6C2009AD972 /* MainTabBarController.swift in Sources */ = {isa = PBXBuildFile; fileRef = 2D2812AB24DCE6C2009AD972 /* MainTabBarController.swift */; };
		2D2812AF24DCE6DA009AD972 /* AppDelegate.swift in Sources */ = {isa = PBXBuildFile; fileRef = 2D2812AD24DCE6DA009AD972 /* AppDelegate.swift */; };
		2D2812B024DCE6DA009AD972 /* SceneDelegate.swift in Sources */ = {isa = PBXBuildFile; fileRef = 2D2812AE24DCE6DA009AD972 /* SceneDelegate.swift */; };
		2D2812B224DD5087009AD972 /* SpecificDayContainer.swift in Sources */ = {isa = PBXBuildFile; fileRef = 2D2812B124DD5087009AD972 /* SpecificDayContainer.swift */; };
		AAF06C4635162C571C83AF38 /* Pods_Ubermarket_vn.framework in Frameworks */ = {isa = PBXBuildFile; fileRef = 9C985ED8DF6C35939AE178F1 /* Pods_Ubermarket_vn.framework */; };
/* End PBXBuildFile section */

/* Begin PBXFileReference section */
		2D28126924DCE688009AD972 /* Ubermarket-vn.app */ = {isa = PBXFileReference; explicitFileType = wrapper.application; includeInIndex = 0; path = "Ubermarket-vn.app"; sourceTree = BUILT_PRODUCTS_DIR; };
		2D28127324DCE688009AD972 /* Base */ = {isa = PBXFileReference; lastKnownFileType = file.storyboard; name = Base; path = Base.lproj/Main.storyboard; sourceTree = "<group>"; };
		2D28127524DCE68C009AD972 /* Assets.xcassets */ = {isa = PBXFileReference; lastKnownFileType = folder.assetcatalog; path = Assets.xcassets; sourceTree = "<group>"; };
		2D28127824DCE68C009AD972 /* Base */ = {isa = PBXFileReference; lastKnownFileType = file.storyboard; name = Base; path = Base.lproj/LaunchScreen.storyboard; sourceTree = "<group>"; };
		2D28127A24DCE68C009AD972 /* Info.plist */ = {isa = PBXFileReference; lastKnownFileType = text.plist.xml; path = Info.plist; sourceTree = "<group>"; };
		2D28128124DCE6AD009AD972 /* CalendarViewExtension.swift */ = {isa = PBXFileReference; fileEncoding = 4; lastKnownFileType = sourcecode.swift; path = CalendarViewExtension.swift; sourceTree = "<group>"; };
		2D28128224DCE6AD009AD972 /* UIViewExtension.swift */ = {isa = PBXFileReference; fileEncoding = 4; lastKnownFileType = sourcecode.swift; path = UIViewExtension.swift; sourceTree = "<group>"; };
		2D28128324DCE6AD009AD972 /* CustomTextField.swift */ = {isa = PBXFileReference; fileEncoding = 4; lastKnownFileType = sourcecode.swift; path = CustomTextField.swift; sourceTree = "<group>"; };
		2D28128424DCE6AD009AD972 /* RebeloperScrollView.swift */ = {isa = PBXFileReference; fileEncoding = 4; lastKnownFileType = sourcecode.swift; path = RebeloperScrollView.swift; sourceTree = "<group>"; };
		2D28128524DCE6AD009AD972 /* CalendarViewController.swift */ = {isa = PBXFileReference; fileEncoding = 4; lastKnownFileType = sourcecode.swift; path = CalendarViewController.swift; sourceTree = "<group>"; };
		2D28128624DCE6AD009AD972 /* Popup.swift */ = {isa = PBXFileReference; fileEncoding = 4; lastKnownFileType = sourcecode.swift; path = Popup.swift; sourceTree = "<group>"; };
		2D28128924DCE6AD009AD972 /* CustomizableMealScrollView.swift */ = {isa = PBXFileReference; fileEncoding = 4; lastKnownFileType = sourcecode.swift; path = CustomizableMealScrollView.swift; sourceTree = "<group>"; };
		2D28128A24DCE6AD009AD972 /* MealNumberView.swift */ = {isa = PBXFileReference; fileEncoding = 4; lastKnownFileType = sourcecode.swift; path = MealNumberView.swift; sourceTree = "<group>"; };
		2D28128B24DCE6AD009AD972 /* CustomizableMealView.swift */ = {isa = PBXFileReference; fileEncoding = 4; lastKnownFileType = sourcecode.swift; path = CustomizableMealView.swift; sourceTree = "<group>"; };
		2D28128D24DCE6AD009AD972 /* SpecificDishView.swift */ = {isa = PBXFileReference; fileEncoding = 4; lastKnownFileType = sourcecode.swift; path = SpecificDishView.swift; sourceTree = "<group>"; };
		2D28128E24DCE6AD009AD972 /* TopRightView.swift */ = {isa = PBXFileReference; fileEncoding = 4; lastKnownFileType = sourcecode.swift; path = TopRightView.swift; sourceTree = "<group>"; };
		2D28128F24DCE6AD009AD972 /* SDVTextField.swift */ = {isa = PBXFileReference; fileEncoding = 4; lastKnownFileType = sourcecode.swift; path = SDVTextField.swift; sourceTree = "<group>"; };
		2D28129124DCE6AD009AD972 /* Matrix.swift */ = {isa = PBXFileReference; fileEncoding = 4; lastKnownFileType = sourcecode.swift; path = Matrix.swift; sourceTree = "<group>"; };
		2D28129324DCE6AD009AD972 /* MenuButton.swift */ = {isa = PBXFileReference; fileEncoding = 4; lastKnownFileType = sourcecode.swift; path = MenuButton.swift; sourceTree = "<group>"; };
		2D28129424DCE6AD009AD972 /* Menu.swift */ = {isa = PBXFileReference; fileEncoding = 4; lastKnownFileType = sourcecode.swift; path = Menu.swift; sourceTree = "<group>"; };
		2D28129624DCE6AD009AD972 /* MultipleSelectionHandler.swift */ = {isa = PBXFileReference; fileEncoding = 4; lastKnownFileType = sourcecode.swift; path = MultipleSelectionHandler.swift; sourceTree = "<group>"; };
		2D28129724DCE6AD009AD972 /* SingleSelectionHandler.swift */ = {isa = PBXFileReference; fileEncoding = 4; lastKnownFileType = sourcecode.swift; path = SingleSelectionHandler.swift; sourceTree = "<group>"; };
		2D28129824DCE6AD009AD972 /* FoodViewController.swift */ = {isa = PBXFileReference; fileEncoding = 4; lastKnownFileType = sourcecode.swift; path = FoodViewController.swift; sourceTree = "<group>"; };
		2D2812AB24DCE6C2009AD972 /* MainTabBarController.swift */ = {isa = PBXFileReference; fileEncoding = 4; lastKnownFileType = sourcecode.swift; path = MainTabBarController.swift; sourceTree = "<group>"; };
		2D2812AD24DCE6DA009AD972 /* AppDelegate.swift */ = {isa = PBXFileReference; fileEncoding = 4; lastKnownFileType = sourcecode.swift; path = AppDelegate.swift; sourceTree = "<group>"; };
		2D2812AE24DCE6DA009AD972 /* SceneDelegate.swift */ = {isa = PBXFileReference; fileEncoding = 4; lastKnownFileType = sourcecode.swift; path = SceneDelegate.swift; sourceTree = "<group>"; };
		2D2812B124DD5087009AD972 /* SpecificDayContainer.swift */ = {isa = PBXFileReference; lastKnownFileType = sourcecode.swift; path = SpecificDayContainer.swift; sourceTree = "<group>"; };
		5030EE9F749B17286A750310 /* Pods-Ubermarket-vn.release.xcconfig */ = {isa = PBXFileReference; includeInIndex = 1; lastKnownFileType = text.xcconfig; name = "Pods-Ubermarket-vn.release.xcconfig"; path = "Target Support Files/Pods-Ubermarket-vn/Pods-Ubermarket-vn.release.xcconfig"; sourceTree = "<group>"; };
		8C238940D488DF78E67386EE /* Pods-Ubermarket-vn.debug.xcconfig */ = {isa = PBXFileReference; includeInIndex = 1; lastKnownFileType = text.xcconfig; name = "Pods-Ubermarket-vn.debug.xcconfig"; path = "Target Support Files/Pods-Ubermarket-vn/Pods-Ubermarket-vn.debug.xcconfig"; sourceTree = "<group>"; };
		9C985ED8DF6C35939AE178F1 /* Pods_Ubermarket_vn.framework */ = {isa = PBXFileReference; explicitFileType = wrapper.framework; includeInIndex = 0; path = Pods_Ubermarket_vn.framework; sourceTree = BUILT_PRODUCTS_DIR; };
/* End PBXFileReference section */

/* Begin PBXFrameworksBuildPhase section */
		2D28126624DCE688009AD972 /* Frameworks */ = {
			isa = PBXFrameworksBuildPhase;
			buildActionMask = 2147483647;
			files = (
				AAF06C4635162C571C83AF38 /* Pods_Ubermarket_vn.framework in Frameworks */,
			);
			runOnlyForDeploymentPostprocessing = 0;
		};
/* End PBXFrameworksBuildPhase section */

/* Begin PBXGroup section */
		2D28126024DCE688009AD972 = {
			isa = PBXGroup;
			children = (
				2D28126B24DCE688009AD972 /* Ubermarket-vn */,
				2D28126A24DCE688009AD972 /* Products */,
				E5A2E81F8E29C7025F416AAC /* Pods */,
				9F072753D999D6A3D45389AA /* Frameworks */,
			);
			sourceTree = "<group>";
		};
		2D28126A24DCE688009AD972 /* Products */ = {
			isa = PBXGroup;
			children = (
				2D28126924DCE688009AD972 /* Ubermarket-vn.app */,
			);
			name = Products;
			sourceTree = "<group>";
		};
		2D28126B24DCE688009AD972 /* Ubermarket-vn */ = {
			isa = PBXGroup;
			children = (
				2D2812AB24DCE6C2009AD972 /* MainTabBarController.swift */,
				2D2812AD24DCE6DA009AD972 /* AppDelegate.swift */,
				2D2812AE24DCE6DA009AD972 /* SceneDelegate.swift */,
				2D28128724DCE6AD009AD972 /* FoodView */,
				2D28128024DCE6AD009AD972 /* CalendarView */,
				2D28127224DCE688009AD972 /* Main.storyboard */,
				2D28127524DCE68C009AD972 /* Assets.xcassets */,
				2D28127724DCE68C009AD972 /* LaunchScreen.storyboard */,
				2D28127A24DCE68C009AD972 /* Info.plist */,
			);
			path = "Ubermarket-vn";
			sourceTree = "<group>";
		};
		2D28128024DCE6AD009AD972 /* CalendarView */ = {
			isa = PBXGroup;
			children = (
				2D28128124DCE6AD009AD972 /* CalendarViewExtension.swift */,
				2D28128224DCE6AD009AD972 /* UIViewExtension.swift */,
				2D28128324DCE6AD009AD972 /* CustomTextField.swift */,
				2D28128424DCE6AD009AD972 /* RebeloperScrollView.swift */,
				2D28128524DCE6AD009AD972 /* CalendarViewController.swift */,
				2D28128624DCE6AD009AD972 /* Popup.swift */,
				2D2812B124DD5087009AD972 /* SpecificDayContainer.swift */,
			);
			name = CalendarView;
			path = "../../tab-experiment/tab-experiment/CalendarView";
			sourceTree = "<group>";
		};
		2D28128724DCE6AD009AD972 /* FoodView */ = {
			isa = PBXGroup;
			children = (
				2D28128824DCE6AD009AD972 /* CustomizableMealMenu */,
				2D28128C24DCE6AD009AD972 /* SpecificDishes */,
				2D28129024DCE6AD009AD972 /* Models */,
				2D28129224DCE6AD009AD972 /* Left-Menu */,
				2D28129524DCE6AD009AD972 /* RSSelection */,
				2D28129824DCE6AD009AD972 /* FoodViewController.swift */,
			);
			name = FoodView;
			path = "../../tab-experiment/tab-experiment/FoodView";
			sourceTree = "<group>";
		};
		2D28128824DCE6AD009AD972 /* CustomizableMealMenu */ = {
			isa = PBXGroup;
			children = (
				2D28128924DCE6AD009AD972 /* CustomizableMealScrollView.swift */,
				2D28128A24DCE6AD009AD972 /* MealNumberView.swift */,
				2D28128B24DCE6AD009AD972 /* CustomizableMealView.swift */,
			);
			path = CustomizableMealMenu;
			sourceTree = "<group>";
		};
		2D28128C24DCE6AD009AD972 /* SpecificDishes */ = {
			isa = PBXGroup;
			children = (
				2D28128D24DCE6AD009AD972 /* SpecificDishView.swift */,
				2D28128E24DCE6AD009AD972 /* TopRightView.swift */,
				2D28128F24DCE6AD009AD972 /* SDVTextField.swift */,
			);
			path = SpecificDishes;
			sourceTree = "<group>";
		};
		2D28129024DCE6AD009AD972 /* Models */ = {
			isa = PBXGroup;
			children = (
				2D28129124DCE6AD009AD972 /* Matrix.swift */,
			);
			path = Models;
			sourceTree = "<group>";
		};
		2D28129224DCE6AD009AD972 /* Left-Menu */ = {
			isa = PBXGroup;
			children = (
				2D28129324DCE6AD009AD972 /* MenuButton.swift */,
				2D28129424DCE6AD009AD972 /* Menu.swift */,
			);
			path = "Left-Menu";
			sourceTree = "<group>";
		};
		2D28129524DCE6AD009AD972 /* RSSelection */ = {
			isa = PBXGroup;
			children = (
				2D28129624DCE6AD009AD972 /* MultipleSelectionHandler.swift */,
				2D28129724DCE6AD009AD972 /* SingleSelectionHandler.swift */,
			);
			path = RSSelection;
			sourceTree = "<group>";
		};
		9F072753D999D6A3D45389AA /* Frameworks */ = {
			isa = PBXGroup;
			children = (
				9C985ED8DF6C35939AE178F1 /* Pods_Ubermarket_vn.framework */,
			);
			name = Frameworks;
			sourceTree = "<group>";
		};
		E5A2E81F8E29C7025F416AAC /* Pods */ = {
			isa = PBXGroup;
			children = (
				8C238940D488DF78E67386EE /* Pods-Ubermarket-vn.debug.xcconfig */,
				5030EE9F749B17286A750310 /* Pods-Ubermarket-vn.release.xcconfig */,
			);
			path = Pods;
			sourceTree = "<group>";
		};
/* End PBXGroup section */

/* Begin PBXNativeTarget section */
		2D28126824DCE688009AD972 /* Ubermarket-vn */ = {
			isa = PBXNativeTarget;
			buildConfigurationList = 2D28127D24DCE68C009AD972 /* Build configuration list for PBXNativeTarget "Ubermarket-vn" */;
			buildPhases = (
				970DCE63EA4D9EC9AFD2CBD3 /* [CP] Check Pods Manifest.lock */,
				2D28126524DCE688009AD972 /* Sources */,
				2D28126624DCE688009AD972 /* Frameworks */,
				2D28126724DCE688009AD972 /* Resources */,
				3E61C1AF73F35A6EB03A6E97 /* [CP] Embed Pods Frameworks */,
			);
			buildRules = (
			);
			dependencies = (
			);
			name = "Ubermarket-vn";
			productName = "Ubermarket-vn";
			productReference = 2D28126924DCE688009AD972 /* Ubermarket-vn.app */;
			productType = "com.apple.product-type.application";
		};
/* End PBXNativeTarget section */

/* Begin PBXProject section */
		2D28126124DCE688009AD972 /* Project object */ = {
			isa = PBXProject;
			attributes = {
				LastSwiftUpdateCheck = 1160;
				LastUpgradeCheck = 1160;
				ORGANIZATIONNAME = bqle;
				TargetAttributes = {
					2D28126824DCE688009AD972 = {
						CreatedOnToolsVersion = 11.6;
					};
				};
			};
			buildConfigurationList = 2D28126424DCE688009AD972 /* Build configuration list for PBXProject "Ubermarket-vn" */;
			compatibilityVersion = "Xcode 9.3";
			developmentRegion = en;
			hasScannedForEncodings = 0;
			knownRegions = (
				en,
				Base,
			);
			mainGroup = 2D28126024DCE688009AD972;
			productRefGroup = 2D28126A24DCE688009AD972 /* Products */;
			projectDirPath = "";
			projectRoot = "";
			targets = (
				2D28126824DCE688009AD972 /* Ubermarket-vn */,
			);
		};
/* End PBXProject section */

/* Begin PBXResourcesBuildPhase section */
		2D28126724DCE688009AD972 /* Resources */ = {
			isa = PBXResourcesBuildPhase;
			buildActionMask = 2147483647;
			files = (
				2D28127924DCE68C009AD972 /* LaunchScreen.storyboard in Resources */,
				2D28127624DCE68C009AD972 /* Assets.xcassets in Resources */,
				2D28127424DCE688009AD972 /* Main.storyboard in Resources */,
			);
			runOnlyForDeploymentPostprocessing = 0;
		};
/* End PBXResourcesBuildPhase section */

/* Begin PBXShellScriptBuildPhase section */
		3E61C1AF73F35A6EB03A6E97 /* [CP] Embed Pods Frameworks */ = {
			isa = PBXShellScriptBuildPhase;
			buildActionMask = 2147483647;
			files = (
			);
			inputFileListPaths = (
				"${PODS_ROOT}/Target Support Files/Pods-Ubermarket-vn/Pods-Ubermarket-vn-frameworks-${CONFIGURATION}-input-files.xcfilelist",
			);
			name = "[CP] Embed Pods Frameworks";
			outputFileListPaths = (
				"${PODS_ROOT}/Target Support Files/Pods-Ubermarket-vn/Pods-Ubermarket-vn-frameworks-${CONFIGURATION}-output-files.xcfilelist",
			);
			runOnlyForDeploymentPostprocessing = 0;
			shellPath = /bin/sh;
			shellScript = "\"${PODS_ROOT}/Target Support Files/Pods-Ubermarket-vn/Pods-Ubermarket-vn-frameworks.sh\"\n";
			showEnvVarsInLog = 0;
		};
		970DCE63EA4D9EC9AFD2CBD3 /* [CP] Check Pods Manifest.lock */ = {
			isa = PBXShellScriptBuildPhase;
			buildActionMask = 2147483647;
			files = (
			);
			inputFileListPaths = (
			);
			inputPaths = (
				"${PODS_PODFILE_DIR_PATH}/Podfile.lock",
				"${PODS_ROOT}/Manifest.lock",
			);
			name = "[CP] Check Pods Manifest.lock";
			outputFileListPaths = (
			);
			outputPaths = (
				"$(DERIVED_FILE_DIR)/Pods-Ubermarket-vn-checkManifestLockResult.txt",
			);
			runOnlyForDeploymentPostprocessing = 0;
			shellPath = /bin/sh;
			shellScript = "diff \"${PODS_PODFILE_DIR_PATH}/Podfile.lock\" \"${PODS_ROOT}/Manifest.lock\" > /dev/null\nif [ $? != 0 ] ; then\n    # print error to STDERR\n    echo \"error: The sandbox is not in sync with the Podfile.lock. Run 'pod install' or update your CocoaPods installation.\" >&2\n    exit 1\nfi\n# This output is used by Xcode 'outputs' to avoid re-running this script phase.\necho \"SUCCESS\" > \"${SCRIPT_OUTPUT_FILE_0}\"\n";
			showEnvVarsInLog = 0;
		};
/* End PBXShellScriptBuildPhase section */

/* Begin PBXSourcesBuildPhase section */
		2D28126524DCE688009AD972 /* Sources */ = {
			isa = PBXSourcesBuildPhase;
			buildActionMask = 2147483647;
			files = (
				2D28129E24DCE6AE009AD972 /* Popup.swift in Sources */,
				2D2812AA24DCE6AE009AD972 /* FoodViewController.swift in Sources */,
				2D2812AC24DCE6C2009AD972 /* MainTabBarController.swift in Sources */,
				2D2812A924DCE6AE009AD972 /* SingleSelectionHandler.swift in Sources */,
				2D2812A224DCE6AE009AD972 /* SpecificDishView.swift in Sources */,
				2D2812A424DCE6AE009AD972 /* SDVTextField.swift in Sources */,
				2D2812A124DCE6AE009AD972 /* CustomizableMealView.swift in Sources */,
				2D2812B024DCE6DA009AD972 /* SceneDelegate.swift in Sources */,
				2D28129D24DCE6AE009AD972 /* CalendarViewController.swift in Sources */,
				2D2812A024DCE6AE009AD972 /* MealNumberView.swift in Sources */,
				2D2812A724DCE6AE009AD972 /* Menu.swift in Sources */,
				2D28129F24DCE6AE009AD972 /* CustomizableMealScrollView.swift in Sources */,
				2D28129A24DCE6AE009AD972 /* UIViewExtension.swift in Sources */,
				2D28129924DCE6AE009AD972 /* CalendarViewExtension.swift in Sources */,
				2D2812A624DCE6AE009AD972 /* MenuButton.swift in Sources */,
				2D2812A824DCE6AE009AD972 /* MultipleSelectionHandler.swift in Sources */,
				2D28129B24DCE6AE009AD972 /* CustomTextField.swift in Sources */,
				2D28129C24DCE6AE009AD972 /* RebeloperScrollView.swift in Sources */,
				2D2812AF24DCE6DA009AD972 /* AppDelegate.swift in Sources */,
				2D2812B224DD5087009AD972 /* SpecificDayContainer.swift in Sources */,
				2D2812A524DCE6AE009AD972 /* Matrix.swift in Sources */,
				2D2812A324DCE6AE009AD972 /* TopRightView.swift in Sources */,
			);
			runOnlyForDeploymentPostprocessing = 0;
		};
/* End PBXSourcesBuildPhase section */

/* Begin PBXVariantGroup section */
		2D28127224DCE688009AD972 /* Main.storyboard */ = {
			isa = PBXVariantGroup;
			children = (
				2D28127324DCE688009AD972 /* Base */,
			);
			name = Main.storyboard;
			sourceTree = "<group>";
		};
		2D28127724DCE68C009AD972 /* LaunchScreen.storyboard */ = {
			isa = PBXVariantGroup;
			children = (
				2D28127824DCE68C009AD972 /* Base */,
			);
			name = LaunchScreen.storyboard;
			sourceTree = "<group>";
		};
/* End PBXVariantGroup section */

/* Begin XCBuildConfiguration section */
		2D28127B24DCE68C009AD972 /* Debug */ = {
			isa = XCBuildConfiguration;
			buildSettings = {
				ALWAYS_SEARCH_USER_PATHS = NO;
				CLANG_ANALYZER_NONNULL = YES;
				CLANG_ANALYZER_NUMBER_OBJECT_CONVERSION = YES_AGGRESSIVE;
				CLANG_CXX_LANGUAGE_STANDARD = "gnu++14";
				CLANG_CXX_LIBRARY = "libc++";
				CLANG_ENABLE_MODULES = YES;
				CLANG_ENABLE_OBJC_ARC = YES;
				CLANG_ENABLE_OBJC_WEAK = YES;
				CLANG_WARN_BLOCK_CAPTURE_AUTORELEASING = YES;
				CLANG_WARN_BOOL_CONVERSION = YES;
				CLANG_WARN_COMMA = YES;
				CLANG_WARN_CONSTANT_CONVERSION = YES;
				CLANG_WARN_DEPRECATED_OBJC_IMPLEMENTATIONS = YES;
				CLANG_WARN_DIRECT_OBJC_ISA_USAGE = YES_ERROR;
				CLANG_WARN_DOCUMENTATION_COMMENTS = YES;
				CLANG_WARN_EMPTY_BODY = YES;
				CLANG_WARN_ENUM_CONVERSION = YES;
				CLANG_WARN_INFINITE_RECURSION = YES;
				CLANG_WARN_INT_CONVERSION = YES;
				CLANG_WARN_NON_LITERAL_NULL_CONVERSION = YES;
				CLANG_WARN_OBJC_IMPLICIT_RETAIN_SELF = YES;
				CLANG_WARN_OBJC_LITERAL_CONVERSION = YES;
				CLANG_WARN_OBJC_ROOT_CLASS = YES_ERROR;
				CLANG_WARN_RANGE_LOOP_ANALYSIS = YES;
				CLANG_WARN_STRICT_PROTOTYPES = YES;
				CLANG_WARN_SUSPICIOUS_MOVE = YES;
				CLANG_WARN_UNGUARDED_AVAILABILITY = YES_AGGRESSIVE;
				CLANG_WARN_UNREACHABLE_CODE = YES;
				CLANG_WARN__DUPLICATE_METHOD_MATCH = YES;
				COPY_PHASE_STRIP = NO;
				DEBUG_INFORMATION_FORMAT = dwarf;
				ENABLE_STRICT_OBJC_MSGSEND = YES;
				ENABLE_TESTABILITY = YES;
				GCC_C_LANGUAGE_STANDARD = gnu11;
				GCC_DYNAMIC_NO_PIC = NO;
				GCC_NO_COMMON_BLOCKS = YES;
				GCC_OPTIMIZATION_LEVEL = 0;
				GCC_PREPROCESSOR_DEFINITIONS = (
					"DEBUG=1",
					"$(inherited)",
				);
				GCC_WARN_64_TO_32_BIT_CONVERSION = YES;
				GCC_WARN_ABOUT_RETURN_TYPE = YES_ERROR;
				GCC_WARN_UNDECLARED_SELECTOR = YES;
				GCC_WARN_UNINITIALIZED_AUTOS = YES_AGGRESSIVE;
				GCC_WARN_UNUSED_FUNCTION = YES;
				GCC_WARN_UNUSED_VARIABLE = YES;
				IPHONEOS_DEPLOYMENT_TARGET = 13.6;
				MTL_ENABLE_DEBUG_INFO = INCLUDE_SOURCE;
				MTL_FAST_MATH = YES;
				ONLY_ACTIVE_ARCH = YES;
				SDKROOT = iphoneos;
				SWIFT_ACTIVE_COMPILATION_CONDITIONS = DEBUG;
				SWIFT_OPTIMIZATION_LEVEL = "-Onone";
			};
			name = Debug;
		};
		2D28127C24DCE68C009AD972 /* Release */ = {
			isa = XCBuildConfiguration;
			buildSettings = {
				ALWAYS_SEARCH_USER_PATHS = NO;
				CLANG_ANALYZER_NONNULL = YES;
				CLANG_ANALYZER_NUMBER_OBJECT_CONVERSION = YES_AGGRESSIVE;
				CLANG_CXX_LANGUAGE_STANDARD = "gnu++14";
				CLANG_CXX_LIBRARY = "libc++";
				CLANG_ENABLE_MODULES = YES;
				CLANG_ENABLE_OBJC_ARC = YES;
				CLANG_ENABLE_OBJC_WEAK = YES;
				CLANG_WARN_BLOCK_CAPTURE_AUTORELEASING = YES;
				CLANG_WARN_BOOL_CONVERSION = YES;
				CLANG_WARN_COMMA = YES;
				CLANG_WARN_CONSTANT_CONVERSION = YES;
				CLANG_WARN_DEPRECATED_OBJC_IMPLEMENTATIONS = YES;
				CLANG_WARN_DIRECT_OBJC_ISA_USAGE = YES_ERROR;
				CLANG_WARN_DOCUMENTATION_COMMENTS = YES;
				CLANG_WARN_EMPTY_BODY = YES;
				CLANG_WARN_ENUM_CONVERSION = YES;
				CLANG_WARN_INFINITE_RECURSION = YES;
				CLANG_WARN_INT_CONVERSION = YES;
				CLANG_WARN_NON_LITERAL_NULL_CONVERSION = YES;
				CLANG_WARN_OBJC_IMPLICIT_RETAIN_SELF = YES;
				CLANG_WARN_OBJC_LITERAL_CONVERSION = YES;
				CLANG_WARN_OBJC_ROOT_CLASS = YES_ERROR;
				CLANG_WARN_RANGE_LOOP_ANALYSIS = YES;
				CLANG_WARN_STRICT_PROTOTYPES = YES;
				CLANG_WARN_SUSPICIOUS_MOVE = YES;
				CLANG_WARN_UNGUARDED_AVAILABILITY = YES_AGGRESSIVE;
				CLANG_WARN_UNREACHABLE_CODE = YES;
				CLANG_WARN__DUPLICATE_METHOD_MATCH = YES;
				COPY_PHASE_STRIP = NO;
				DEBUG_INFORMATION_FORMAT = "dwarf-with-dsym";
				ENABLE_NS_ASSERTIONS = NO;
				ENABLE_STRICT_OBJC_MSGSEND = YES;
				GCC_C_LANGUAGE_STANDARD = gnu11;
				GCC_NO_COMMON_BLOCKS = YES;
				GCC_WARN_64_TO_32_BIT_CONVERSION = YES;
				GCC_WARN_ABOUT_RETURN_TYPE = YES_ERROR;
				GCC_WARN_UNDECLARED_SELECTOR = YES;
				GCC_WARN_UNINITIALIZED_AUTOS = YES_AGGRESSIVE;
				GCC_WARN_UNUSED_FUNCTION = YES;
				GCC_WARN_UNUSED_VARIABLE = YES;
				IPHONEOS_DEPLOYMENT_TARGET = 13.6;
				MTL_ENABLE_DEBUG_INFO = NO;
				MTL_FAST_MATH = YES;
				SDKROOT = iphoneos;
				SWIFT_COMPILATION_MODE = wholemodule;
				SWIFT_OPTIMIZATION_LEVEL = "-O";
				VALIDATE_PRODUCT = YES;
			};
			name = Release;
		};
		2D28127E24DCE68C009AD972 /* Debug */ = {
			isa = XCBuildConfiguration;
			baseConfigurationReference = 8C238940D488DF78E67386EE /* Pods-Ubermarket-vn.debug.xcconfig */;
			buildSettings = {
				ASSETCATALOG_COMPILER_APPICON_NAME = AppIcon;
				CODE_SIGN_STYLE = Automatic;
				DEVELOPMENT_TEAM = DYHUYQYWTX;
				INFOPLIST_FILE = "Ubermarket-vn/Info.plist";
				IPHONEOS_DEPLOYMENT_TARGET = 10.0;
				LD_RUNPATH_SEARCH_PATHS = (
					"$(inherited)",
					"@executable_path/Frameworks",
				);
				PRODUCT_BUNDLE_IDENTIFIER = "bqle.Ubermarket-vn";
				PRODUCT_NAME = "$(TARGET_NAME)";
				SWIFT_VERSION = 5.0;
				TARGETED_DEVICE_FAMILY = "1,2";
			};
			name = Debug;
		};
		2D28127F24DCE68C009AD972 /* Release */ = {
			isa = XCBuildConfiguration;
			baseConfigurationReference = 5030EE9F749B17286A750310 /* Pods-Ubermarket-vn.release.xcconfig */;
			buildSettings = {
				ASSETCATALOG_COMPILER_APPICON_NAME = AppIcon;
				CODE_SIGN_STYLE = Automatic;
				DEVELOPMENT_TEAM = DYHUYQYWTX;
				INFOPLIST_FILE = "Ubermarket-vn/Info.plist";
				IPHONEOS_DEPLOYMENT_TARGET = 10.0;
				LD_RUNPATH_SEARCH_PATHS = (
					"$(inherited)",
					"@executable_path/Frameworks",
				);
				PRODUCT_BUNDLE_IDENTIFIER = "bqle.Ubermarket-vn";
				PRODUCT_NAME = "$(TARGET_NAME)";
				SWIFT_VERSION = 5.0;
				TARGETED_DEVICE_FAMILY = "1,2";
			};
			name = Release;
		};
/* End XCBuildConfiguration section */

/* Begin XCConfigurationList section */
		2D28126424DCE688009AD972 /* Build configuration list for PBXProject "Ubermarket-vn" */ = {
			isa = XCConfigurationList;
			buildConfigurations = (
				2D28127B24DCE68C009AD972 /* Debug */,
				2D28127C24DCE68C009AD972 /* Release */,
			);
			defaultConfigurationIsVisible = 0;
			defaultConfigurationName = Release;
		};
		2D28127D24DCE68C009AD972 /* Build configuration list for PBXNativeTarget "Ubermarket-vn" */ = {
			isa = XCConfigurationList;
			buildConfigurations = (
				2D28127E24DCE68C009AD972 /* Debug */,
				2D28127F24DCE68C009AD972 /* Release */,
			);
			defaultConfigurationIsVisible = 0;
			defaultConfigurationName = Release;
		};
/* End XCConfigurationList section */
	};
	rootObject = 2D28126124DCE688009AD972 /* Project object */;
}
